
Microsoft Visual Studio Solution File, Format Version 12.00
# Visual Studio 15
VisualStudioVersion = 15.0.28010.2003
MinimumVisualStudioVersion = 10.0.40219.1
Project("{00D1A9C2-B5F0-4AF3-8072-F6C62B433612}") = "MSR_Database", "MSR_Database\MSR_Database.sqlproj", "{38993196-3542-41FC-8187-273A0F4E793B}"
EndProject
Project("{FAE04EC0-301F-11D3-BF4B-00C04F79EFBC}") = "MSR_Web_App", "MSR_Web_App\MSR_Web_App\MSR_Web_App.csproj", "{9C82582C-8054-49AD-9B52-20D54AF9A189}"
EndProject
Global
	GlobalSection(SolutionConfigurationPlatforms) = preSolution
		Debug|Any CPU = Debug|Any CPU
		Release|Any CPU = Release|Any CPU
	EndGlobalSection
	GlobalSection(ProjectConfigurationPlatforms) = postSolution
		{38993196-3542-41FC-8187-273A0F4E793B}.Debug|Any CPU.ActiveCfg = Debug|Any CPU
		{38993196-3542-41FC-8187-273A0F4E793B}.Debug|Any CPU.Build.0 = Debug|Any CPU
		{38993196-3542-41FC-8187-273A0F4E793B}.Debug|Any CPU.Deploy.0 = Debug|Any CPU
		{38993196-3542-41FC-8187-273A0F4E793B}.Release|Any CPU.ActiveCfg = Release|Any CPU
		{38993196-3542-41FC-8187-273A0F4E793B}.Release|Any CPU.Build.0 = Release|Any CPU
		{38993196-3542-41FC-8187-273A0F4E793B}.Release|Any CPU.Deploy.0 = Release|Any CPU
		{9C82582C-8054-49AD-9B52-20D54AF9A189}.Debug|Any CPU.ActiveCfg = Debug|Any CPU
		{9C82582C-8054-49AD-9B52-20D54AF9A189}.Debug|Any CPU.Build.0 = Debug|Any CPU
		{9C82582C-8054-49AD-9B52-20D54AF9A189}.Release|Any CPU.ActiveCfg = Release|Any CPU
		{9C82582C-8054-49AD-9B52-20D54AF9A189}.Release|Any CPU.Build.0 = Release|Any CPU
	EndGlobalSection
	GlobalSection(SolutionProperties) = preSolution
		HideSolutionNode = FALSE
	EndGlobalSection
	GlobalSection(ExtensibilityGlobals) = postSolution
		SolutionGuid = {248D07EC-7E70-40C7-A94D-556DD59943F8}
	EndGlobalSection
EndGlobal
